
Microsoft Visual Studio Solution File, Format Version 12.00
# Visual Studio Version 17
VisualStudioVersion = 17.0.31903.59
MinimumVisualStudioVersion = 10.0.40219.1
Project("{2150E333-8FDC-42A3-9474-1A3956D46DE8}") = "src", "src", "{728E6362-DE07-4AF3-A083-66432AF0D6D9}"
EndProject
Project("{FAE04EC0-301F-11D3-BF4B-00C04F79EFBC}") = "DevinChat.Server", "src\DevinChat.Server\DevinChat.Server.csproj", "{C6834FA6-8FA2-427A-962D-F50D29E6179B}"
EndProject
Project("{FAE04EC0-301F-11D3-BF4B-00C04F79EFBC}") = "DevinChat.Client", "src\DevinChat.Client\DevinChat.Client.csproj", "{E4A59D99-4817-4F13-AFBC-892E500B2104}"
EndProject
Global
	GlobalSection(SolutionConfigurationPlatforms) = preSolution
		Debug|Any CPU = Debug|Any CPU
		Release|Any CPU = Release|Any CPU
	EndGlobalSection
	GlobalSection(SolutionProperties) = preSolution
		HideSolutionNode = FALSE
	EndGlobalSection
	GlobalSection(ProjectConfigurationPlatforms) = postSolution
		{C6834FA6-8FA2-427A-962D-F50D29E6179B}.Debug|Any CPU.ActiveCfg = Debug|Any CPU
		{C6834FA6-8FA2-427A-962D-F50D29E6179B}.Debug|Any CPU.Build.0 = Debug|Any CPU
		{C6834FA6-8FA2-427A-962D-F50D29E6179B}.Release|Any CPU.ActiveCfg = Release|Any CPU
		{C6834FA6-8FA2-427A-962D-F50D29E6179B}.Release|Any CPU.Build.0 = Release|Any CPU
		{E4A59D99-4817-4F13-AFBC-892E500B2104}.Debug|Any CPU.ActiveCfg = Debug|Any CPU
		{E4A59D99-4817-4F13-AFBC-892E500B2104}.Debug|Any CPU.Build.0 = Debug|Any CPU
		{E4A59D99-4817-4F13-AFBC-892E500B2104}.Release|Any CPU.ActiveCfg = Release|Any CPU
		{E4A59D99-4817-4F13-AFBC-892E500B2104}.Release|Any CPU.Build.0 = Release|Any CPU
	EndGlobalSection
	GlobalSection(NestedProjects) = preSolution
		{C6834FA6-8FA2-427A-962D-F50D29E6179B} = {728E6362-DE07-4AF3-A083-66432AF0D6D9}
		{E4A59D99-4817-4F13-AFBC-892E500B2104} = {728E6362-DE07-4AF3-A083-66432AF0D6D9}
	EndGlobalSection
EndGlobal
